uuid: fb823979-b8fe-4c5e-85b1-a53d5c8c9a04
langcode: en
status: true
dependencies:
  content:
    - 'block_content:banner_image:aa2759bb-3f95-463a-a720-9f38b5a470c2'
  module:
    - block_content
    - system
  theme:
    - bartik
id: servicesbannerblock
theme: bartik
region: content
weight: -11
provider: null
plugin: 'block_content:aa2759bb-3f95-463a-a720-9f38b5a470c2'
settings:
  id: 'block_content:aa2759bb-3f95-463a-a720-9f38b5a470c2'
  label: 'Our Services'
  provider: block_content
  label_display: visible
  status: true
  info: ''
  view_mode: full
visibility:
  request_path:
    id: request_path
    pages: /services
    negate: false
    context_mapping: {  }
