uuid: 4cd9e597-5b18-4008-ba66-db1d675e1110
langcode: en
status: true
dependencies:
  config:
    - core.entity_view_mode.node.full_block
    - field.field.node.client_testimonial.body
    - field.field.node.client_testimonial.field_client_name
    - field.field.node.client_testimonial.field_profile_image
    - node.type.client_testimonial
  module:
    - text
    - user
id: node.client_testimonial.full_block
targetEntityType: node
bundle: client_testimonial
mode: full_block
content:
  body:
    label: hidden
    type: text_default
    weight: 2
    settings: {  }
    third_party_settings: {  }
    region: content
  field_client_name:
    weight: 0
    label: hidden
    settings:
      link_to_entity: false
    third_party_settings: {  }
    type: string
    region: content
  field_profile_image:
    weight: 1
    label: hidden
    settings:
      link: true
    third_party_settings: {  }
    type: entity_reference_label
    region: content
hidden:
  links: true
